
Microsoft Visual Studio Solution File, Format Version 12.00
# Visual Studio Version 17
VisualStudioVersion = 17.5.33516.290
MinimumVisualStudioVersion = 10.0.40219.1
Project("{2150E333-8FDC-42A3-9474-1A3956D46DE8}") = "API", "API", "{DFEDD246-F88F-486A-8930-F0CE0E5528D1}"
EndProject
Project("{2150E333-8FDC-42A3-9474-1A3956D46DE8}") = "Database", "Database", "{81B9DBFF-5595-4A8F-87DE-DC044CBD219F}"
EndProject
Project("{2150E333-8FDC-42A3-9474-1A3956D46DE8}") = "UI", "UI", "{16418FB4-725F-4727-A264-CE3785406850}"
EndProject
Project("{9A19103F-16F7-4668-BE54-9A1E7A4F7556}") = "FT_ASPMVC", "FT_ASPMVC\FT_ASPMVC.csproj", "{FA717DC5-8AC2-4316-8F6C-A27476423BCE}"
EndProject
Project("{00D1A9C2-B5F0-4AF3-8072-F6C62B433612}") = "FunTranslationDB", "FunTranslationDB\FunTranslationDB.sqlproj", "{DA2D5DBC-4F3E-4C1B-B693-892D3141EAF1}"
EndProject
Project("{9A19103F-16F7-4668-BE54-9A1E7A4F7556}") = "FT_ApiLibrary", "FT_ApiLibrary\FT_ApiLibrary.csproj", "{F6F6A06E-1C51-47AC-87F0-DF5791C8BF80}"
EndProject
Project("{FAE04EC0-301F-11D3-BF4B-00C04F79EFBC}") = "FT_Api", "FT_Api\FT_Api.csproj", "{238CB236-E136-489A-892E-0A376F85D1B2}"
EndProject
Project("{FAE04EC0-301F-11D3-BF4B-00C04F79EFBC}") = "FT_UILibrary", "FT_UILibrary\FT_UILibrary.csproj", "{2885569C-FA3A-4724-85BA-18AB6AA1A56B}"
EndProject
Global
	GlobalSection(SolutionConfigurationPlatforms) = preSolution
		Debug|Any CPU = Debug|Any CPU
		Release|Any CPU = Release|Any CPU
	EndGlobalSection
	GlobalSection(ProjectConfigurationPlatforms) = postSolution
		{FA717DC5-8AC2-4316-8F6C-A27476423BCE}.Debug|Any CPU.ActiveCfg = Debug|Any CPU
		{FA717DC5-8AC2-4316-8F6C-A27476423BCE}.Debug|Any CPU.Build.0 = Debug|Any CPU
		{FA717DC5-8AC2-4316-8F6C-A27476423BCE}.Release|Any CPU.ActiveCfg = Release|Any CPU
		{FA717DC5-8AC2-4316-8F6C-A27476423BCE}.Release|Any CPU.Build.0 = Release|Any CPU
		{DA2D5DBC-4F3E-4C1B-B693-892D3141EAF1}.Debug|Any CPU.ActiveCfg = Debug|Any CPU
		{DA2D5DBC-4F3E-4C1B-B693-892D3141EAF1}.Debug|Any CPU.Build.0 = Debug|Any CPU
		{DA2D5DBC-4F3E-4C1B-B693-892D3141EAF1}.Debug|Any CPU.Deploy.0 = Debug|Any CPU
		{DA2D5DBC-4F3E-4C1B-B693-892D3141EAF1}.Release|Any CPU.ActiveCfg = Release|Any CPU
		{DA2D5DBC-4F3E-4C1B-B693-892D3141EAF1}.Release|Any CPU.Build.0 = Release|Any CPU
		{DA2D5DBC-4F3E-4C1B-B693-892D3141EAF1}.Release|Any CPU.Deploy.0 = Release|Any CPU
		{F6F6A06E-1C51-47AC-87F0-DF5791C8BF80}.Debug|Any CPU.ActiveCfg = Debug|Any CPU
		{F6F6A06E-1C51-47AC-87F0-DF5791C8BF80}.Debug|Any CPU.Build.0 = Debug|Any CPU
		{F6F6A06E-1C51-47AC-87F0-DF5791C8BF80}.Release|Any CPU.ActiveCfg = Release|Any CPU
		{F6F6A06E-1C51-47AC-87F0-DF5791C8BF80}.Release|Any CPU.Build.0 = Release|Any CPU
		{238CB236-E136-489A-892E-0A376F85D1B2}.Debug|Any CPU.ActiveCfg = Debug|Any CPU
		{238CB236-E136-489A-892E-0A376F85D1B2}.Debug|Any CPU.Build.0 = Debug|Any CPU
		{238CB236-E136-489A-892E-0A376F85D1B2}.Release|Any CPU.ActiveCfg = Release|Any CPU
		{238CB236-E136-489A-892E-0A376F85D1B2}.Release|Any CPU.Build.0 = Release|Any CPU
		{2885569C-FA3A-4724-85BA-18AB6AA1A56B}.Debug|Any CPU.ActiveCfg = Debug|Any CPU
		{2885569C-FA3A-4724-85BA-18AB6AA1A56B}.Debug|Any CPU.Build.0 = Debug|Any CPU
		{2885569C-FA3A-4724-85BA-18AB6AA1A56B}.Release|Any CPU.ActiveCfg = Release|Any CPU
		{2885569C-FA3A-4724-85BA-18AB6AA1A56B}.Release|Any CPU.Build.0 = Release|Any CPU
	EndGlobalSection
	GlobalSection(SolutionProperties) = preSolution
		HideSolutionNode = FALSE
	EndGlobalSection
	GlobalSection(NestedProjects) = preSolution
		{FA717DC5-8AC2-4316-8F6C-A27476423BCE} = {16418FB4-725F-4727-A264-CE3785406850}
		{DA2D5DBC-4F3E-4C1B-B693-892D3141EAF1} = {81B9DBFF-5595-4A8F-87DE-DC044CBD219F}
		{F6F6A06E-1C51-47AC-87F0-DF5791C8BF80} = {DFEDD246-F88F-486A-8930-F0CE0E5528D1}
		{238CB236-E136-489A-892E-0A376F85D1B2} = {DFEDD246-F88F-486A-8930-F0CE0E5528D1}
		{2885569C-FA3A-4724-85BA-18AB6AA1A56B} = {16418FB4-725F-4727-A264-CE3785406850}
	EndGlobalSection
	GlobalSection(ExtensibilityGlobals) = postSolution
		SolutionGuid = {4D2A33F3-A365-447C-AD92-3943640B93B8}
	EndGlobalSection
EndGlobal
